
Microsoft Visual Studio Solution File, Format Version 12.00
# Visual Studio Version 17
VisualStudioVersion = 17.1.31911.260
MinimumVisualStudioVersion = 10.0.40219.1
Project("{9A19103F-16F7-4668-BE54-9A1E7A4F7556}") = "S3900-repro", "S3900-net6\S3900-repro.csproj", "{43F69632-9C16-45F7-9DD0-84C479578610}"
EndProject
Project("{FAE04EC0-301F-11D3-BF4B-00C04F79EFBC}") = "S3900-NetFw48", "S3900-NetFw48\S3900-NetFw48.csproj", "{C89FA6BC-AA7F-47BF-ADBF-00510BE984B3}"
EndProject
Global
	GlobalSection(SolutionConfigurationPlatforms) = preSolution
		Debug|Any CPU = Debug|Any CPU
		Release|Any CPU = Release|Any CPU
	EndGlobalSection
	GlobalSection(ProjectConfigurationPlatforms) = postSolution
		{43F69632-9C16-45F7-9DD0-84C479578610}.Debug|Any CPU.ActiveCfg = Debug|Any CPU
		{43F69632-9C16-45F7-9DD0-84C479578610}.Debug|Any CPU.Build.0 = Debug|Any CPU
		{43F69632-9C16-45F7-9DD0-84C479578610}.Release|Any CPU.ActiveCfg = Release|Any CPU
		{43F69632-9C16-45F7-9DD0-84C479578610}.Release|Any CPU.Build.0 = Release|Any CPU
		{C89FA6BC-AA7F-47BF-ADBF-00510BE984B3}.Debug|Any CPU.ActiveCfg = Debug|Any CPU
		{C89FA6BC-AA7F-47BF-ADBF-00510BE984B3}.Debug|Any CPU.Build.0 = Debug|Any CPU
		{C89FA6BC-AA7F-47BF-ADBF-00510BE984B3}.Release|Any CPU.ActiveCfg = Release|Any CPU
		{C89FA6BC-AA7F-47BF-ADBF-00510BE984B3}.Release|Any CPU.Build.0 = Release|Any CPU
	EndGlobalSection
	GlobalSection(SolutionProperties) = preSolution
		HideSolutionNode = FALSE
	EndGlobalSection
	GlobalSection(ExtensibilityGlobals) = postSolution
		SolutionGuid = {BB6CADA5-4CAE-47BA-BE68-F4624578155C}
	EndGlobalSection
EndGlobal
